
Microsoft Visual Studio Solution File, Format Version 12.00
# Visual Studio Version 16
VisualStudioVersion = 16.0.30621.155
MinimumVisualStudioVersion = 10.0.40219.1
Project("{FAE04EC0-301F-11D3-BF4B-00C04F79EFBC}") = "Presently.FunctionApp", "Presently.FunctionApp\Presently.FunctionApp.csproj", "{5C76F8BF-2E62-4C28-96E8-077E853032A3}"
EndProject
Project("{FAE04EC0-301F-11D3-BF4B-00C04F79EFBC}") = "Presently.Common", "Presently.Common\Presently.Common.csproj", "{0C627B6A-A7A2-456A-B0D9-8AD4E0C97DCB}"
EndProject
Project("{FAE04EC0-301F-11D3-BF4B-00C04F79EFBC}") = "Presently.MobileApp", "Presently.MobileApp\Presently.MobileApp\Presently.MobileApp.csproj", "{3986AFCE-871C-49B9-A8CC-3DDAFD149E44}"
EndProject
Project("{FAE04EC0-301F-11D3-BF4B-00C04F79EFBC}") = "Presently.MobileApp.Android", "Presently.MobileApp\Presently.MobileApp.Android\Presently.MobileApp.Android.csproj", "{55D58815-0D42-4D28-89A1-25FAE4071765}"
EndProject
Global
	GlobalSection(SolutionConfigurationPlatforms) = preSolution
		Ad-Hoc|Any CPU = Ad-Hoc|Any CPU
		Ad-Hoc|iPhone = Ad-Hoc|iPhone
		Ad-Hoc|iPhoneSimulator = Ad-Hoc|iPhoneSimulator
		AppStore|Any CPU = AppStore|Any CPU
		AppStore|iPhone = AppStore|iPhone
		AppStore|iPhoneSimulator = AppStore|iPhoneSimulator
		Debug|Any CPU = Debug|Any CPU
		Debug|iPhone = Debug|iPhone
		Debug|iPhoneSimulator = Debug|iPhoneSimulator
		Release|Any CPU = Release|Any CPU
		Release|iPhone = Release|iPhone
		Release|iPhoneSimulator = Release|iPhoneSimulator
	EndGlobalSection
	GlobalSection(ProjectConfigurationPlatforms) = postSolution
		{5C76F8BF-2E62-4C28-96E8-077E853032A3}.Ad-Hoc|Any CPU.ActiveCfg = Release|Any CPU
		{5C76F8BF-2E62-4C28-96E8-077E853032A3}.Ad-Hoc|Any CPU.Build.0 = Release|Any CPU
		{5C76F8BF-2E62-4C28-96E8-077E853032A3}.Ad-Hoc|iPhone.ActiveCfg = Release|Any CPU
		{5C76F8BF-2E62-4C28-96E8-077E853032A3}.Ad-Hoc|iPhone.Build.0 = Release|Any CPU
		{5C76F8BF-2E62-4C28-96E8-077E853032A3}.Ad-Hoc|iPhoneSimulator.ActiveCfg = Release|Any CPU
		{5C76F8BF-2E62-4C28-96E8-077E853032A3}.Ad-Hoc|iPhoneSimulator.Build.0 = Release|Any CPU
		{5C76F8BF-2E62-4C28-96E8-077E853032A3}.AppStore|Any CPU.ActiveCfg = Release|Any CPU
		{5C76F8BF-2E62-4C28-96E8-077E853032A3}.AppStore|Any CPU.Build.0 = Release|Any CPU
		{5C76F8BF-2E62-4C28-96E8-077E853032A3}.AppStore|iPhone.ActiveCfg = Release|Any CPU
		{5C76F8BF-2E62-4C28-96E8-077E853032A3}.AppStore|iPhone.Build.0 = Release|Any CPU
		{5C76F8BF-2E62-4C28-96E8-077E853032A3}.AppStore|iPhoneSimulator.ActiveCfg = Release|Any CPU
		{5C76F8BF-2E62-4C28-96E8-077E853032A3}.AppStore|iPhoneSimulator.Build.0 = Release|Any CPU
		{5C76F8BF-2E62-4C28-96E8-077E853032A3}.Debug|Any CPU.ActiveCfg = Debug|Any CPU
		{5C76F8BF-2E62-4C28-96E8-077E853032A3}.Debug|Any CPU.Build.0 = Debug|Any CPU
		{5C76F8BF-2E62-4C28-96E8-077E853032A3}.Debug|iPhone.ActiveCfg = Debug|Any CPU
		{5C76F8BF-2E62-4C28-96E8-077E853032A3}.Debug|iPhone.Build.0 = Debug|Any CPU
		{5C76F8BF-2E62-4C28-96E8-077E853032A3}.Debug|iPhoneSimulator.ActiveCfg = Debug|Any CPU
		{5C76F8BF-2E62-4C28-96E8-077E853032A3}.Debug|iPhoneSimulator.Build.0 = Debug|Any CPU
		{5C76F8BF-2E62-4C28-96E8-077E853032A3}.Release|Any CPU.ActiveCfg = Release|Any CPU
		{5C76F8BF-2E62-4C28-96E8-077E853032A3}.Release|Any CPU.Build.0 = Release|Any CPU
		{5C76F8BF-2E62-4C28-96E8-077E853032A3}.Release|iPhone.ActiveCfg = Release|Any CPU
		{5C76F8BF-2E62-4C28-96E8-077E853032A3}.Release|iPhone.Build.0 = Release|Any CPU
		{5C76F8BF-2E62-4C28-96E8-077E853032A3}.Release|iPhoneSimulator.ActiveCfg = Release|Any CPU
		{5C76F8BF-2E62-4C28-96E8-077E853032A3}.Release|iPhoneSimulator.Build.0 = Release|Any CPU
		{0C627B6A-A7A2-456A-B0D9-8AD4E0C97DCB}.Ad-Hoc|Any CPU.ActiveCfg = Release|Any CPU
		{0C627B6A-A7A2-456A-B0D9-8AD4E0C97DCB}.Ad-Hoc|Any CPU.Build.0 = Release|Any CPU
		{0C627B6A-A7A2-456A-B0D9-8AD4E0C97DCB}.Ad-Hoc|iPhone.ActiveCfg = Release|Any CPU
		{0C627B6A-A7A2-456A-B0D9-8AD4E0C97DCB}.Ad-Hoc|iPhone.Build.0 = Release|Any CPU
		{0C627B6A-A7A2-456A-B0D9-8AD4E0C97DCB}.Ad-Hoc|iPhoneSimulator.ActiveCfg = Release|Any CPU
		{0C627B6A-A7A2-456A-B0D9-8AD4E0C97DCB}.Ad-Hoc|iPhoneSimulator.Build.0 = Release|Any CPU
		{0C627B6A-A7A2-456A-B0D9-8AD4E0C97DCB}.AppStore|Any CPU.ActiveCfg = Release|Any CPU
		{0C627B6A-A7A2-456A-B0D9-8AD4E0C97DCB}.AppStore|Any CPU.Build.0 = Release|Any CPU
		{0C627B6A-A7A2-456A-B0D9-8AD4E0C97DCB}.AppStore|iPhone.ActiveCfg = Release|Any CPU
		{0C627B6A-A7A2-456A-B0D9-8AD4E0C97DCB}.AppStore|iPhone.Build.0 = Release|Any CPU
		{0C627B6A-A7A2-456A-B0D9-8AD4E0C97DCB}.AppStore|iPhoneSimulator.ActiveCfg = Release|Any CPU
		{0C627B6A-A7A2-456A-B0D9-8AD4E0C97DCB}.AppStore|iPhoneSimulator.Build.0 = Release|Any CPU
		{0C627B6A-A7A2-456A-B0D9-8AD4E0C97DCB}.Debug|Any CPU.ActiveCfg = Debug|Any CPU
		{0C627B6A-A7A2-456A-B0D9-8AD4E0C97DCB}.Debug|Any CPU.Build.0 = Debug|Any CPU
		{0C627B6A-A7A2-456A-B0D9-8AD4E0C97DCB}.Debug|iPhone.ActiveCfg = Debug|Any CPU
		{0C627B6A-A7A2-456A-B0D9-8AD4E0C97DCB}.Debug|iPhone.Build.0 = Debug|Any CPU
		{0C627B6A-A7A2-456A-B0D9-8AD4E0C97DCB}.Debug|iPhoneSimulator.ActiveCfg = Debug|Any CPU
		{0C627B6A-A7A2-456A-B0D9-8AD4E0C97DCB}.Debug|iPhoneSimulator.Build.0 = Debug|Any CPU
		{0C627B6A-A7A2-456A-B0D9-8AD4E0C97DCB}.Release|Any CPU.ActiveCfg = Release|Any CPU
		{0C627B6A-A7A2-456A-B0D9-8AD4E0C97DCB}.Release|Any CPU.Build.0 = Release|Any CPU
		{0C627B6A-A7A2-456A-B0D9-8AD4E0C97DCB}.Release|iPhone.ActiveCfg = Release|Any CPU
		{0C627B6A-A7A2-456A-B0D9-8AD4E0C97DCB}.Release|iPhone.Build.0 = Release|Any CPU
		{0C627B6A-A7A2-456A-B0D9-8AD4E0C97DCB}.Release|iPhoneSimulator.ActiveCfg = Release|Any CPU
		{0C627B6A-A7A2-456A-B0D9-8AD4E0C97DCB}.Release|iPhoneSimulator.Build.0 = Release|Any CPU
		{3986AFCE-871C-49B9-A8CC-3DDAFD149E44}.Ad-Hoc|Any CPU.ActiveCfg = Release|Any CPU
		{3986AFCE-871C-49B9-A8CC-3DDAFD149E44}.Ad-Hoc|Any CPU.Build.0 = Release|Any CPU
		{3986AFCE-871C-49B9-A8CC-3DDAFD149E44}.Ad-Hoc|iPhone.ActiveCfg = Release|Any CPU
		{3986AFCE-871C-49B9-A8CC-3DDAFD149E44}.Ad-Hoc|iPhone.Build.0 = Release|Any CPU
		{3986AFCE-871C-49B9-A8CC-3DDAFD149E44}.Ad-Hoc|iPhoneSimulator.ActiveCfg = Release|Any CPU
		{3986AFCE-871C-49B9-A8CC-3DDAFD149E44}.Ad-Hoc|iPhoneSimulator.Build.0 = Release|Any CPU
		{3986AFCE-871C-49B9-A8CC-3DDAFD149E44}.AppStore|Any CPU.ActiveCfg = Release|Any CPU
		{3986AFCE-871C-49B9-A8CC-3DDAFD149E44}.AppStore|Any CPU.Build.0 = Release|Any CPU
		{3986AFCE-871C-49B9-A8CC-3DDAFD149E44}.AppStore|iPhone.ActiveCfg = Release|Any CPU
		{3986AFCE-871C-49B9-A8CC-3DDAFD149E44}.AppStore|iPhone.Build.0 = Release|Any CPU
		{3986AFCE-871C-49B9-A8CC-3DDAFD149E44}.AppStore|iPhoneSimulator.ActiveCfg = Release|Any CPU
		{3986AFCE-871C-49B9-A8CC-3DDAFD149E44}.AppStore|iPhoneSimulator.Build.0 = Release|Any CPU
		{3986AFCE-871C-49B9-A8CC-3DDAFD149E44}.Debug|Any CPU.ActiveCfg = Debug|Any CPU
		{3986AFCE-871C-49B9-A8CC-3DDAFD149E44}.Debug|Any CPU.Build.0 = Debug|Any CPU
		{3986AFCE-871C-49B9-A8CC-3DDAFD149E44}.Debug|iPhone.ActiveCfg = Debug|Any CPU
		{3986AFCE-871C-49B9-A8CC-3DDAFD149E44}.Debug|iPhone.Build.0 = Debug|Any CPU
		{3986AFCE-871C-49B9-A8CC-3DDAFD149E44}.Debug|iPhoneSimulator.ActiveCfg = Debug|Any CPU
		{3986AFCE-871C-49B9-A8CC-3DDAFD149E44}.Debug|iPhoneSimulator.Build.0 = Debug|Any CPU
		{3986AFCE-871C-49B9-A8CC-3DDAFD149E44}.Release|Any CPU.ActiveCfg = Release|Any CPU
		{3986AFCE-871C-49B9-A8CC-3DDAFD149E44}.Release|Any CPU.Build.0 = Release|Any CPU
		{3986AFCE-871C-49B9-A8CC-3DDAFD149E44}.Release|iPhone.ActiveCfg = Release|Any CPU
		{3986AFCE-871C-49B9-A8CC-3DDAFD149E44}.Release|iPhone.Build.0 = Release|Any CPU
		{3986AFCE-871C-49B9-A8CC-3DDAFD149E44}.Release|iPhoneSimulator.ActiveCfg = Release|Any CPU
		{3986AFCE-871C-49B9-A8CC-3DDAFD149E44}.Release|iPhoneSimulator.Build.0 = Release|Any CPU
		{55D58815-0D42-4D28-89A1-25FAE4071765}.Ad-Hoc|Any CPU.ActiveCfg = Debug|Any CPU
		{55D58815-0D42-4D28-89A1-25FAE4071765}.Ad-Hoc|Any CPU.Build.0 = Debug|Any CPU
		{55D58815-0D42-4D28-89A1-25FAE4071765}.Ad-Hoc|Any CPU.Deploy.0 = Debug|Any CPU
		{55D58815-0D42-4D28-89A1-25FAE4071765}.Ad-Hoc|iPhone.ActiveCfg = Debug|Any CPU
		{55D58815-0D42-4D28-89A1-25FAE4071765}.Ad-Hoc|iPhone.Build.0 = Debug|Any CPU
		{55D58815-0D42-4D28-89A1-25FAE4071765}.Ad-Hoc|iPhone.Deploy.0 = Debug|Any CPU
		{55D58815-0D42-4D28-89A1-25FAE4071765}.Ad-Hoc|iPhoneSimulator.ActiveCfg = Debug|Any CPU
		{55D58815-0D42-4D28-89A1-25FAE4071765}.Ad-Hoc|iPhoneSimulator.Build.0 = Debug|Any CPU
		{55D58815-0D42-4D28-89A1-25FAE4071765}.Ad-Hoc|iPhoneSimulator.Deploy.0 = Debug|Any CPU
		{55D58815-0D42-4D28-89A1-25FAE4071765}.AppStore|Any CPU.ActiveCfg = Debug|Any CPU
		{55D58815-0D42-4D28-89A1-25FAE4071765}.AppStore|Any CPU.Build.0 = Debug|Any CPU
		{55D58815-0D42-4D28-89A1-25FAE4071765}.AppStore|Any CPU.Deploy.0 = Debug|Any CPU
		{55D58815-0D42-4D28-89A1-25FAE4071765}.AppStore|iPhone.ActiveCfg = Debug|Any CPU
		{55D58815-0D42-4D28-89A1-25FAE4071765}.AppStore|iPhone.Build.0 = Debug|Any CPU
		{55D58815-0D42-4D28-89A1-25FAE4071765}.AppStore|iPhone.Deploy.0 = Debug|Any CPU
		{55D58815-0D42-4D28-89A1-25FAE4071765}.AppStore|iPhoneSimulator.ActiveCfg = Debug|Any CPU
		{55D58815-0D42-4D28-89A1-25FAE4071765}.AppStore|iPhoneSimulator.Build.0 = Debug|Any CPU
		{55D58815-0D42-4D28-89A1-25FAE4071765}.AppStore|iPhoneSimulator.Deploy.0 = Debug|Any CPU
		{55D58815-0D42-4D28-89A1-25FAE4071765}.Debug|Any CPU.ActiveCfg = Debug|Any CPU
		{55D58815-0D42-4D28-89A1-25FAE4071765}.Debug|Any CPU.Build.0 = Debug|Any CPU
		{55D58815-0D42-4D28-89A1-25FAE4071765}.Debug|Any CPU.Deploy.0 = Debug|Any CPU
		{55D58815-0D42-4D28-89A1-25FAE4071765}.Debug|iPhone.ActiveCfg = Debug|Any CPU
		{55D58815-0D42-4D28-89A1-25FAE4071765}.Debug|iPhone.Build.0 = Debug|Any CPU
		{55D58815-0D42-4D28-89A1-25FAE4071765}.Debug|iPhone.Deploy.0 = Debug|Any CPU
		{55D58815-0D42-4D28-89A1-25FAE4071765}.Debug|iPhoneSimulator.ActiveCfg = Debug|Any CPU
		{55D58815-0D42-4D28-89A1-25FAE4071765}.Debug|iPhoneSimulator.Build.0 = Debug|Any CPU
		{55D58815-0D42-4D28-89A1-25FAE4071765}.Debug|iPhoneSimulator.Deploy.0 = Debug|Any CPU
		{55D58815-0D42-4D28-89A1-25FAE4071765}.Release|Any CPU.ActiveCfg = Release|Any CPU
		{55D58815-0D42-4D28-89A1-25FAE4071765}.Release|Any CPU.Build.0 = Release|Any CPU
		{55D58815-0D42-4D28-89A1-25FAE4071765}.Release|Any CPU.Deploy.0 = Release|Any CPU
		{55D58815-0D42-4D28-89A1-25FAE4071765}.Release|iPhone.ActiveCfg = Release|Any CPU
		{55D58815-0D42-4D28-89A1-25FAE4071765}.Release|iPhone.Build.0 = Release|Any CPU
		{55D58815-0D42-4D28-89A1-25FAE4071765}.Release|iPhone.Deploy.0 = Release|Any CPU
		{55D58815-0D42-4D28-89A1-25FAE4071765}.Release|iPhoneSimulator.ActiveCfg = Release|Any CPU
		{55D58815-0D42-4D28-89A1-25FAE4071765}.Release|iPhoneSimulator.Build.0 = Release|Any CPU
		{55D58815-0D42-4D28-89A1-25FAE4071765}.Release|iPhoneSimulator.Deploy.0 = Release|Any CPU
	EndGlobalSection
	GlobalSection(SolutionProperties) = preSolution
		HideSolutionNode = FALSE
	EndGlobalSection
	GlobalSection(ExtensibilityGlobals) = postSolution
		SolutionGuid = {924CA4B7-6099-435B-A208-308F6DE63715}
	EndGlobalSection
EndGlobal
